
Microsoft Visual Studio Solution File, Format Version 12.00
# Visual Studio Version 17
VisualStudioVersion = 17.8.34330.188
MinimumVisualStudioVersion = 10.0.40219.1
Project("{9A19103F-16F7-4668-BE54-9A1E7A4F7556}") = "Getting_Rudolph_Table_From_PDF_To_PostgreSQL", "RDP\Getting_Rudolph_Table_From_PDF_To_PostgreSQL.csproj", "{CD72CB52-809F-45DB-8D5D-C3302602F76F}"
EndProject
Global
	GlobalSection(SolutionConfigurationPlatforms) = preSolution
		Debug|Any CPU = Debug|Any CPU
		Release|Any CPU = Release|Any CPU
	EndGlobalSection
	GlobalSection(ProjectConfigurationPlatforms) = postSolution
		{CD72CB52-809F-45DB-8D5D-C3302602F76F}.Debug|Any CPU.ActiveCfg = Debug|Any CPU
		{CD72CB52-809F-45DB-8D5D-C3302602F76F}.Debug|Any CPU.Build.0 = Debug|Any CPU
		{CD72CB52-809F-45DB-8D5D-C3302602F76F}.Release|Any CPU.ActiveCfg = Release|Any CPU
		{CD72CB52-809F-45DB-8D5D-C3302602F76F}.Release|Any CPU.Build.0 = Release|Any CPU
	EndGlobalSection
	GlobalSection(SolutionProperties) = preSolution
		HideSolutionNode = FALSE
	EndGlobalSection
	GlobalSection(ExtensibilityGlobals) = postSolution
		SolutionGuid = {4A709A3D-571F-4F1D-92DE-379F2EF3E3C0}
	EndGlobalSection
EndGlobal
